
Microsoft Visual Studio Solution File, Format Version 12.00
# Visual Studio Version 17
VisualStudioVersion = 17.0.31912.275
MinimumVisualStudioVersion = 10.0.40219.1
Project("{930C7802-8A8C-48F9-8165-68863BCCD9DD}") = "FFmpeg GPL", "FFmpeg GPL.wixproj", "{6DE52F55-7D66-406F-A45D-D0D0DC10B8A6}"
EndProject
Project("{930C7802-8A8C-48F9-8165-68863BCCD9DD}") = "FFmpeg LGPL", "FFmpeg LGPL.wixproj", "{EE9946B2-62DB-4674-A81B-65765F99A092}"
EndProject
Global
	GlobalSection(SolutionConfigurationPlatforms) = preSolution
		Debug|x64 = Debug|x64
		Release|x64 = Release|x64
	EndGlobalSection
	GlobalSection(ProjectConfigurationPlatforms) = postSolution
		{6DE52F55-7D66-406F-A45D-D0D0DC10B8A6}.Debug|x64.ActiveCfg = Debug|x64
		{6DE52F55-7D66-406F-A45D-D0D0DC10B8A6}.Debug|x64.Build.0 = Debug|x64
		{6DE52F55-7D66-406F-A45D-D0D0DC10B8A6}.Release|x64.ActiveCfg = Release|x64
		{6DE52F55-7D66-406F-A45D-D0D0DC10B8A6}.Release|x64.Build.0 = Release|x64
		{EE9946B2-62DB-4674-A81B-65765F99A092}.Debug|x64.ActiveCfg = Debug|x64
		{EE9946B2-62DB-4674-A81B-65765F99A092}.Debug|x64.Build.0 = Debug|x64
		{EE9946B2-62DB-4674-A81B-65765F99A092}.Release|x64.ActiveCfg = Release|x64
		{EE9946B2-62DB-4674-A81B-65765F99A092}.Release|x64.Build.0 = Release|x64
	EndGlobalSection
	GlobalSection(SolutionProperties) = preSolution
		HideSolutionNode = FALSE
	EndGlobalSection
	GlobalSection(ExtensibilityGlobals) = postSolution
		SolutionGuid = {23C01008-96ED-4754-BD2B-313EF7FFFD8A}
	EndGlobalSection
EndGlobal
